// !$*UTF8*$!
{
	archiveVersion = 1;
	classes = {
	};
	objectVersion = 48;
	objects = {

/* Begin PBXBuildFile section */
		04BD956687BA716B8EC0C1E6 /* Pods_WeatherReport.framework in Frameworks */ = {isa = PBXBuildFile; fileRef = F4517A5CC6DF999E2DDF7C5C /* Pods_WeatherReport.framework */; };
		3F86EEA02035DD010012834F /* AppDelegate.swift in Sources */ = {isa = PBXBuildFile; fileRef = 3F86EE9F2035DD010012834F /* AppDelegate.swift */; };
		3F86EEA22035DD010012834F /* ViewController.swift in Sources */ = {isa = PBXBuildFile; fileRef = 3F86EEA12035DD010012834F /* ViewController.swift */; };
		3F86EEA52035DD010012834F /* Main.storyboard in Resources */ = {isa = PBXBuildFile; fileRef = 3F86EEA32035DD010012834F /* Main.storyboard */; };
		3F86EEA72035DD010012834F /* Assets.xcassets in Resources */ = {isa = PBXBuildFile; fileRef = 3F86EEA62035DD010012834F /* Assets.xcassets */; };
		3F86EEAA2035DD010012834F /* LaunchScreen.storyboard in Resources */ = {isa = PBXBuildFile; fileRef = 3F86EEA82035DD010012834F /* LaunchScreen.storyboard */; };
		3F86EEB52035DD010012834F /* WeatherReportTests.swift in Sources */ = {isa = PBXBuildFile; fileRef = 3F86EEB42035DD010012834F /* WeatherReportTests.swift */; };
		3FE6507120383C5F00AC42D2 /* Forecast.swift in Sources */ = {isa = PBXBuildFile; fileRef = 3FE6507020383C5F00AC42D2 /* Forecast.swift */; };
		3FE650732038435C00AC42D2 /* Atmosphere.swift in Sources */ = {isa = PBXBuildFile; fileRef = 3FE650722038435C00AC42D2 /* Atmosphere.swift */; };
		3FE650752038436900AC42D2 /* Weather.swift in Sources */ = {isa = PBXBuildFile; fileRef = 3FE650742038436900AC42D2 /* Weather.swift */; };
		3FE650772038437700AC42D2 /* Wind.swift in Sources */ = {isa = PBXBuildFile; fileRef = 3FE650762038437700AC42D2 /* Wind.swift */; };
		75167B1C88DEF6FE8AD7BCA2 /* Pods_WeatherReportTests.framework in Frameworks */ = {isa = PBXBuildFile; fileRef = 3E150DAA5C5DDE6B3BD013CE /* Pods_WeatherReportTests.framework */; };
/* End PBXBuildFile section */

/* Begin PBXContainerItemProxy section */
		3F86EEB12035DD010012834F /* PBXContainerItemProxy */ = {
			isa = PBXContainerItemProxy;
			containerPortal = 3F86EE942035DD010012834F /* Project object */;
			proxyType = 1;
			remoteGlobalIDString = 3F86EE9B2035DD010012834F;
			remoteInfo = WeatherReport;
		};
/* End PBXContainerItemProxy section */

/* Begin PBXFileReference section */
		0009D6E107A0F39CE5AD66D6 /* Pods-WeatherReportTests.release.xcconfig */ = {isa = PBXFileReference; includeInIndex = 1; lastKnownFileType = text.xcconfig; name = "Pods-WeatherReportTests.release.xcconfig"; path = "Pods/Target Support Files/Pods-WeatherReportTests/Pods-WeatherReportTests.release.xcconfig"; sourceTree = "<group>"; };
		0DD4D5A2F107741E0663D63A /* Pods-WeatherReportTests.debug.xcconfig */ = {isa = PBXFileReference; includeInIndex = 1; lastKnownFileType = text.xcconfig; name = "Pods-WeatherReportTests.debug.xcconfig"; path = "Pods/Target Support Files/Pods-WeatherReportTests/Pods-WeatherReportTests.debug.xcconfig"; sourceTree = "<group>"; };
		3E150DAA5C5DDE6B3BD013CE /* Pods_WeatherReportTests.framework */ = {isa = PBXFileReference; explicitFileType = wrapper.framework; includeInIndex = 0; path = Pods_WeatherReportTests.framework; sourceTree = BUILT_PRODUCTS_DIR; };
		3F86EE9C2035DD010012834F /* WeatherReport.app */ = {isa = PBXFileReference; explicitFileType = wrapper.application; includeInIndex = 0; path = WeatherReport.app; sourceTree = BUILT_PRODUCTS_DIR; };
		3F86EE9F2035DD010012834F /* AppDelegate.swift */ = {isa = PBXFileReference; lastKnownFileType = sourcecode.swift; path = AppDelegate.swift; sourceTree = "<group>"; };
		3F86EEA12035DD010012834F /* ViewController.swift */ = {isa = PBXFileReference; lastKnownFileType = sourcecode.swift; path = ViewController.swift; sourceTree = "<group>"; };
		3F86EEA42035DD010012834F /* Base */ = {isa = PBXFileReference; lastKnownFileType = file.storyboard; name = Base; path = Base.lproj/Main.storyboard; sourceTree = "<group>"; };
		3F86EEA62035DD010012834F /* Assets.xcassets */ = {isa = PBXFileReference; lastKnownFileType = folder.assetcatalog; path = Assets.xcassets; sourceTree = "<group>"; };
		3F86EEA92035DD010012834F /* Base */ = {isa = PBXFileReference; lastKnownFileType = file.storyboard; name = Base; path = Base.lproj/LaunchScreen.storyboard; sourceTree = "<group>"; };
		3F86EEAB2035DD010012834F /* Info.plist */ = {isa = PBXFileReference; lastKnownFileType = text.plist.xml; path = Info.plist; sourceTree = "<group>"; };
		3F86EEB02035DD010012834F /* WeatherReportTests.xctest */ = {isa = PBXFileReference; explicitFileType = wrapper.cfbundle; includeInIndex = 0; path = WeatherReportTests.xctest; sourceTree = BUILT_PRODUCTS_DIR; };
		3F86EEB42035DD010012834F /* WeatherReportTests.swift */ = {isa = PBXFileReference; lastKnownFileType = sourcecode.swift; path = WeatherReportTests.swift; sourceTree = "<group>"; };
		3F86EEB62035DD010012834F /* Info.plist */ = {isa = PBXFileReference; lastKnownFileType = text.plist.xml; path = Info.plist; sourceTree = "<group>"; };
		3FE6507020383C5F00AC42D2 /* Forecast.swift */ = {isa = PBXFileReference; lastKnownFileType = sourcecode.swift; path = Forecast.swift; sourceTree = "<group>"; };
		3FE650722038435C00AC42D2 /* Atmosphere.swift */ = {isa = PBXFileReference; lastKnownFileType = sourcecode.swift; path = Atmosphere.swift; sourceTree = "<group>"; };
		3FE650742038436900AC42D2 /* Weather.swift */ = {isa = PBXFileReference; lastKnownFileType = sourcecode.swift; path = Weather.swift; sourceTree = "<group>"; };
		3FE650762038437700AC42D2 /* Wind.swift */ = {isa = PBXFileReference; lastKnownFileType = sourcecode.swift; path = Wind.swift; sourceTree = "<group>"; };
		D474E2F951A5D88B8823BC74 /* Pods-WeatherReport.debug.xcconfig */ = {isa = PBXFileReference; includeInIndex = 1; lastKnownFileType = text.xcconfig; name = "Pods-WeatherReport.debug.xcconfig"; path = "Pods/Target Support Files/Pods-WeatherReport/Pods-WeatherReport.debug.xcconfig"; sourceTree = "<group>"; };
		E1FCB5C8C190A50D56243442 /* Pods-WeatherReport.release.xcconfig */ = {isa = PBXFileReference; includeInIndex = 1; lastKnownFileType = text.xcconfig; name = "Pods-WeatherReport.release.xcconfig"; path = "Pods/Target Support Files/Pods-WeatherReport/Pods-WeatherReport.release.xcconfig"; sourceTree = "<group>"; };
		F4517A5CC6DF999E2DDF7C5C /* Pods_WeatherReport.framework */ = {isa = PBXFileReference; explicitFileType = wrapper.framework; includeInIndex = 0; path = Pods_WeatherReport.framework; sourceTree = BUILT_PRODUCTS_DIR; };
/* End PBXFileReference section */

/* Begin PBXFrameworksBuildPhase section */
		3F86EE992035DD010012834F /* Frameworks */ = {
			isa = PBXFrameworksBuildPhase;
			buildActionMask = 2147483647;
			files = (
				04BD956687BA716B8EC0C1E6 /* Pods_WeatherReport.framework in Frameworks */,
			);
			runOnlyForDeploymentPostprocessing = 0;
		};
		3F86EEAD2035DD010012834F /* Frameworks */ = {
			isa = PBXFrameworksBuildPhase;
			buildActionMask = 2147483647;
			files = (
				75167B1C88DEF6FE8AD7BCA2 /* Pods_WeatherReportTests.framework in Frameworks */,
			);
			runOnlyForDeploymentPostprocessing = 0;
		};
/* End PBXFrameworksBuildPhase section */

/* Begin PBXGroup section */
		3F86EE932035DD010012834F = {
			isa = PBXGroup;
			children = (
				3F86EE9E2035DD010012834F /* WeatherReport */,
				3F86EEB32035DD010012834F /* WeatherReportTests */,
				3F86EE9D2035DD010012834F /* Products */,
				FBEA11BE32E18E9024B2CBF5 /* Pods */,
				8667ED9F17AD9E22C2D3E642 /* Frameworks */,
			);
			sourceTree = "<group>";
		};
		3F86EE9D2035DD010012834F /* Products */ = {
			isa = PBXGroup;
			children = (
				3F86EE9C2035DD010012834F /* WeatherReport.app */,
				3F86EEB02035DD010012834F /* WeatherReportTests.xctest */,
			);
			name = Products;
			sourceTree = "<group>";
		};
		3F86EE9E2035DD010012834F /* WeatherReport */ = {
			isa = PBXGroup;
			children = (
				3FE6506F2038363500AC42D2 /* Model */,
				3F86EE9F2035DD010012834F /* AppDelegate.swift */,
				3F86EEA12035DD010012834F /* ViewController.swift */,
				3F86EEA32035DD010012834F /* Main.storyboard */,
				3F86EEA62035DD010012834F /* Assets.xcassets */,
				3F86EEA82035DD010012834F /* LaunchScreen.storyboard */,
				3F86EEAB2035DD010012834F /* Info.plist */,
			);
			path = WeatherReport;
			sourceTree = "<group>";
		};
		3F86EEB32035DD010012834F /* WeatherReportTests */ = {
			isa = PBXGroup;
			children = (
				3F86EEB42035DD010012834F /* WeatherReportTests.swift */,
				3F86EEB62035DD010012834F /* Info.plist */,
			);
			path = WeatherReportTests;
			sourceTree = "<group>";
		};
		3FE6506F2038363500AC42D2 /* Model */ = {
			isa = PBXGroup;
			children = (
				3FE6507020383C5F00AC42D2 /* Forecast.swift */,
				3FE650722038435C00AC42D2 /* Atmosphere.swift */,
				3FE650742038436900AC42D2 /* Weather.swift */,
				3FE650762038437700AC42D2 /* Wind.swift */,
			);
			path = Model;
			sourceTree = "<group>";
		};
		8667ED9F17AD9E22C2D3E642 /* Frameworks */ = {
			isa = PBXGroup;
			children = (
				F4517A5CC6DF999E2DDF7C5C /* Pods_WeatherReport.framework */,
				3E150DAA5C5DDE6B3BD013CE /* Pods_WeatherReportTests.framework */,
			);
			name = Frameworks;
			sourceTree = "<group>";
		};
		FBEA11BE32E18E9024B2CBF5 /* Pods */ = {
			isa = PBXGroup;
			children = (
				D474E2F951A5D88B8823BC74 /* Pods-WeatherReport.debug.xcconfig */,
				E1FCB5C8C190A50D56243442 /* Pods-WeatherReport.release.xcconfig */,
				0DD4D5A2F107741E0663D63A /* Pods-WeatherReportTests.debug.xcconfig */,
				0009D6E107A0F39CE5AD66D6 /* Pods-WeatherReportTests.release.xcconfig */,
			);
			name = Pods;
			sourceTree = "<group>";
		};
/* End PBXGroup section */

/* Begin PBXNativeTarget section */
		3F86EE9B2035DD010012834F /* WeatherReport */ = {
			isa = PBXNativeTarget;
			buildConfigurationList = 3F86EEB92035DD010012834F /* Build configuration list for PBXNativeTarget "WeatherReport" */;
			buildPhases = (
				6C2937E5CD5FEC5F94EFAFD7 /* [CP] Check Pods Manifest.lock */,
				3F86EE982035DD010012834F /* Sources */,
				3F86EE992035DD010012834F /* Frameworks */,
				3F86EE9A2035DD010012834F /* Resources */,
				A9D38A851C28E2573179A0C3 /* [CP] Embed Pods Frameworks */,
				0192FED56ECF68F601334903 /* [CP] Copy Pods Resources */,
			);
			buildRules = (
			);
			dependencies = (
			);
			name = WeatherReport;
			productName = WeatherReport;
			productReference = 3F86EE9C2035DD010012834F /* WeatherReport.app */;
			productType = "com.apple.product-type.application";
		};
		3F86EEAF2035DD010012834F /* WeatherReportTests */ = {
			isa = PBXNativeTarget;
			buildConfigurationList = 3F86EEBC2035DD010012834F /* Build configuration list for PBXNativeTarget "WeatherReportTests" */;
			buildPhases = (
				D0FD370BB80FB0BD36D619A1 /* [CP] Check Pods Manifest.lock */,
				3F86EEAC2035DD010012834F /* Sources */,
				3F86EEAD2035DD010012834F /* Frameworks */,
				3F86EEAE2035DD010012834F /* Resources */,
				E124CA744DC90DDBCD55BD0F /* [CP] Embed Pods Frameworks */,
				363F35864557AD6ADB4379C5 /* [CP] Copy Pods Resources */,
			);
			buildRules = (
			);
			dependencies = (
				3F86EEB22035DD010012834F /* PBXTargetDependency */,
			);
			name = WeatherReportTests;
			productName = WeatherReportTests;
			productReference = 3F86EEB02035DD010012834F /* WeatherReportTests.xctest */;
			productType = "com.apple.product-type.bundle.unit-test";
		};
/* End PBXNativeTarget section */

/* Begin PBXProject section */
		3F86EE942035DD010012834F /* Project object */ = {
			isa = PBXProject;
			attributes = {
				LastSwiftUpdateCheck = 0920;
				LastUpgradeCheck = 0920;
				ORGANIZATIONNAME = Ammaiappan;
				TargetAttributes = {
					3F86EE9B2035DD010012834F = {
						CreatedOnToolsVersion = 9.2;
						ProvisioningStyle = Automatic;
					};
					3F86EEAF2035DD010012834F = {
						CreatedOnToolsVersion = 9.2;
						ProvisioningStyle = Automatic;
						TestTargetID = 3F86EE9B2035DD010012834F;
					};
				};
			};
			buildConfigurationList = 3F86EE972035DD010012834F /* Build configuration list for PBXProject "WeatherReport" */;
			compatibilityVersion = "Xcode 8.0";
			developmentRegion = en;
			hasScannedForEncodings = 0;
			knownRegions = (
				en,
				Base,
			);
			mainGroup = 3F86EE932035DD010012834F;
			productRefGroup = 3F86EE9D2035DD010012834F /* Products */;
			projectDirPath = "";
			projectRoot = "";
			targets = (
				3F86EE9B2035DD010012834F /* WeatherReport */,
				3F86EEAF2035DD010012834F /* WeatherReportTests */,
			);
		};
/* End PBXProject section */

/* Begin PBXResourcesBuildPhase section */
		3F86EE9A2035DD010012834F /* Resources */ = {
			isa = PBXResourcesBuildPhase;
			buildActionMask = 2147483647;
			files = (
				3F86EEAA2035DD010012834F /* LaunchScreen.storyboard in Resources */,
				3F86EEA72035DD010012834F /* Assets.xcassets in Resources */,
				3F86EEA52035DD010012834F /* Main.storyboard in Resources */,
			);
			runOnlyForDeploymentPostprocessing = 0;
		};
		3F86EEAE2035DD010012834F /* Resources */ = {
			isa = PBXResourcesBuildPhase;
			buildActionMask = 2147483647;
			files = (
			);
			runOnlyForDeploymentPostprocessing = 0;
		};
/* End PBXResourcesBuildPhase section */

/* Begin PBXShellScriptBuildPhase section */
		0192FED56ECF68F601334903 /* [CP] Copy Pods Resources */ = {
			isa = PBXShellScriptBuildPhase;
			buildActionMask = 2147483647;
			files = (
			);
			inputPaths = (
			);
			name = "[CP] Copy Pods Resources";
			outputPaths = (
			);
			runOnlyForDeploymentPostprocessing = 0;
			shellPath = /bin/sh;
			shellScript = "\"${SRCROOT}/Pods/Target Support Files/Pods-WeatherReport/Pods-WeatherReport-resources.sh\"\n";
			showEnvVarsInLog = 0;
		};
		363F35864557AD6ADB4379C5 /* [CP] Copy Pods Resources */ = {
			isa = PBXShellScriptBuildPhase;
			buildActionMask = 2147483647;
			files = (
			);
			inputPaths = (
			);
			name = "[CP] Copy Pods Resources";
			outputPaths = (
			);
			runOnlyForDeploymentPostprocessing = 0;
			shellPath = /bin/sh;
			shellScript = "\"${SRCROOT}/Pods/Target Support Files/Pods-WeatherReportTests/Pods-WeatherReportTests-resources.sh\"\n";
			showEnvVarsInLog = 0;
		};
		6C2937E5CD5FEC5F94EFAFD7 /* [CP] Check Pods Manifest.lock */ = {
			isa = PBXShellScriptBuildPhase;
			buildActionMask = 2147483647;
			files = (
			);
			inputPaths = (
				"${PODS_PODFILE_DIR_PATH}/Podfile.lock",
				"${PODS_ROOT}/Manifest.lock",
			);
			name = "[CP] Check Pods Manifest.lock";
			outputPaths = (
				"$(DERIVED_FILE_DIR)/Pods-WeatherReport-checkManifestLockResult.txt",
			);
			runOnlyForDeploymentPostprocessing = 0;
			shellPath = /bin/sh;
			shellScript = "diff \"${PODS_PODFILE_DIR_PATH}/Podfile.lock\" \"${PODS_ROOT}/Manifest.lock\" > /dev/null\nif [ $? != 0 ] ; then\n    # print error to STDERR\n    echo \"error: The sandbox is not in sync with the Podfile.lock. Run 'pod install' or update your CocoaPods installation.\" >&2\n    exit 1\nfi\n# This output is used by Xcode 'outputs' to avoid re-running this script phase.\necho \"SUCCESS\" > \"${SCRIPT_OUTPUT_FILE_0}\"\n";
			showEnvVarsInLog = 0;
		};
		A9D38A851C28E2573179A0C3 /* [CP] Embed Pods Frameworks */ = {
			isa = PBXShellScriptBuildPhase;
			buildActionMask = 2147483647;
			files = (
			);
			inputPaths = (
				"${SRCROOT}/Pods/Target Support Files/Pods-WeatherReport/Pods-WeatherReport-frameworks.sh",
				"${BUILT_PRODUCTS_DIR}/Alamofire/Alamofire.framework",
				"${BUILT_PRODUCTS_DIR}/Realm/Realm.framework",
				"${BUILT_PRODUCTS_DIR}/RealmSwift/RealmSwift.framework",
			);
			name = "[CP] Embed Pods Frameworks";
			outputPaths = (
				"${TARGET_BUILD_DIR}/${FRAMEWORKS_FOLDER_PATH}/Alamofire.framework",
				"${TARGET_BUILD_DIR}/${FRAMEWORKS_FOLDER_PATH}/Realm.framework",
				"${TARGET_BUILD_DIR}/${FRAMEWORKS_FOLDER_PATH}/RealmSwift.framework",
			);
			runOnlyForDeploymentPostprocessing = 0;
			shellPath = /bin/sh;
			shellScript = "\"${SRCROOT}/Pods/Target Support Files/Pods-WeatherReport/Pods-WeatherReport-frameworks.sh\"\n";
			showEnvVarsInLog = 0;
		};
		D0FD370BB80FB0BD36D619A1 /* [CP] Check Pods Manifest.lock */ = {
			isa = PBXShellScriptBuildPhase;
			buildActionMask = 2147483647;
			files = (
			);
			inputPaths = (
				"${PODS_PODFILE_DIR_PATH}/Podfile.lock",
				"${PODS_ROOT}/Manifest.lock",
			);
			name = "[CP] Check Pods Manifest.lock";
			outputPaths = (
				"$(DERIVED_FILE_DIR)/Pods-WeatherReportTests-checkManifestLockResult.txt",
			);
			runOnlyForDeploymentPostprocessing = 0;
			shellPath = /bin/sh;
			shellScript = "diff \"${PODS_PODFILE_DIR_PATH}/Podfile.lock\" \"${PODS_ROOT}/Manifest.lock\" > /dev/null\nif [ $? != 0 ] ; then\n    # print error to STDERR\n    echo \"error: The sandbox is not in sync with the Podfile.lock. Run 'pod install' or update your CocoaPods installation.\" >&2\n    exit 1\nfi\n# This output is used by Xcode 'outputs' to avoid re-running this script phase.\necho \"SUCCESS\" > \"${SCRIPT_OUTPUT_FILE_0}\"\n";
			showEnvVarsInLog = 0;
		};
		E124CA744DC90DDBCD55BD0F /* [CP] Embed Pods Frameworks */ = {
			isa = PBXShellScriptBuildPhase;
			buildActionMask = 2147483647;
			files = (
			);
			inputPaths = (
			);
			name = "[CP] Embed Pods Frameworks";
			outputPaths = (
			);
			runOnlyForDeploymentPostprocessing = 0;
			shellPath = /bin/sh;
			shellScript = "\"${SRCROOT}/Pods/Target Support Files/Pods-WeatherReportTests/Pods-WeatherReportTests-frameworks.sh\"\n";
			showEnvVarsInLog = 0;
		};
/* End PBXShellScriptBuildPhase section */

/* Begin PBXSourcesBuildPhase section */
		3F86EE982035DD010012834F /* Sources */ = {
			isa = PBXSourcesBuildPhase;
			buildActionMask = 2147483647;
			files = (
				3F86EEA22035DD010012834F /* ViewController.swift in Sources */,
				3FE6507120383C5F00AC42D2 /* Forecast.swift in Sources */,
				3F86EEA02035DD010012834F /* AppDelegate.swift in Sources */,
				3FE650732038435C00AC42D2 /* Atmosphere.swift in Sources */,
				3FE650752038436900AC42D2 /* Weather.swift in Sources */,
				3FE650772038437700AC42D2 /* Wind.swift in Sources */,
			);
			runOnlyForDeploymentPostprocessing = 0;
		};
		3F86EEAC2035DD010012834F /* Sources */ = {
			isa = PBXSourcesBuildPhase;
			buildActionMask = 2147483647;
			files = (
				3F86EEB52035DD010012834F /* WeatherReportTests.swift in Sources */,
			);
			runOnlyForDeploymentPostprocessing = 0;
		};
/* End PBXSourcesBuildPhase section */

/* Begin PBXTargetDependency section */
		3F86EEB22035DD010012834F /* PBXTargetDependency */ = {
			isa = PBXTargetDependency;
			target = 3F86EE9B2035DD010012834F /* WeatherReport */;
			targetProxy = 3F86EEB12035DD010012834F /* PBXContainerItemProxy */;
		};
/* End PBXTargetDependency section */

/* Begin PBXVariantGroup section */
		3F86EEA32035DD010012834F /* Main.storyboard */ = {
			isa = PBXVariantGroup;
			children = (
				3F86EEA42035DD010012834F /* Base */,
			);
			name = Main.storyboard;
			sourceTree = "<group>";
		};
		3F86EEA82035DD010012834F /* LaunchScreen.storyboard */ = {
			isa = PBXVariantGroup;
			children = (
				3F86EEA92035DD010012834F /* Base */,
			);
			name = LaunchScreen.storyboard;
			sourceTree = "<group>";
		};
/* End PBXVariantGroup section */

/* Begin XCBuildConfiguration section */
		3F86EEB72035DD010012834F /* Debug */ = {
			isa = XCBuildConfiguration;
			buildSettings = {
				ALWAYS_SEARCH_USER_PATHS = NO;
				CLANG_ANALYZER_NONNULL = YES;
				CLANG_ANALYZER_NUMBER_OBJECT_CONVERSION = YES_AGGRESSIVE;
				CLANG_CXX_LANGUAGE_STANDARD = "gnu++14";
				CLANG_CXX_LIBRARY = "libc++";
				CLANG_ENABLE_MODULES = YES;
				CLANG_ENABLE_OBJC_ARC = YES;
				CLANG_WARN_BLOCK_CAPTURE_AUTORELEASING = YES;
				CLANG_WARN_BOOL_CONVERSION = YES;
				CLANG_WARN_COMMA = YES;
				CLANG_WARN_CONSTANT_CONVERSION = YES;
				CLANG_WARN_DIRECT_OBJC_ISA_USAGE = YES_ERROR;
				CLANG_WARN_DOCUMENTATION_COMMENTS = YES;
				CLANG_WARN_EMPTY_BODY = YES;
				CLANG_WARN_ENUM_CONVERSION = YES;
				CLANG_WARN_INFINITE_RECURSION = YES;
				CLANG_WARN_INT_CONVERSION = YES;
				CLANG_WARN_NON_LITERAL_NULL_CONVERSION = YES;
				CLANG_WARN_OBJC_LITERAL_CONVERSION = YES;
				CLANG_WARN_OBJC_ROOT_CLASS = YES_ERROR;
				CLANG_WARN_RANGE_LOOP_ANALYSIS = YES;
				CLANG_WARN_STRICT_PROTOTYPES = YES;
				CLANG_WARN_SUSPICIOUS_MOVE = YES;
				CLANG_WARN_UNGUARDED_AVAILABILITY = YES_AGGRESSIVE;
				CLANG_WARN_UNREACHABLE_CODE = YES;
				CLANG_WARN__DUPLICATE_METHOD_MATCH = YES;
				CODE_SIGN_IDENTITY = "iPhone Developer";
				COPY_PHASE_STRIP = NO;
				DEBUG_INFORMATION_FORMAT = dwarf;
				ENABLE_STRICT_OBJC_MSGSEND = YES;
				ENABLE_TESTABILITY = YES;
				GCC_C_LANGUAGE_STANDARD = gnu11;
				GCC_DYNAMIC_NO_PIC = NO;
				GCC_NO_COMMON_BLOCKS = YES;
				GCC_OPTIMIZATION_LEVEL = 0;
				GCC_PREPROCESSOR_DEFINITIONS = (
					"DEBUG=1",
					"$(inherited)",
				);
				GCC_WARN_64_TO_32_BIT_CONVERSION = YES;
				GCC_WARN_ABOUT_RETURN_TYPE = YES_ERROR;
				GCC_WARN_UNDECLARED_SELECTOR = YES;
				GCC_WARN_UNINITIALIZED_AUTOS = YES_AGGRESSIVE;
				GCC_WARN_UNUSED_FUNCTION = YES;
				GCC_WARN_UNUSED_VARIABLE = YES;
				IPHONEOS_DEPLOYMENT_TARGET = 11.2;
				MTL_ENABLE_DEBUG_INFO = YES;
				ONLY_ACTIVE_ARCH = YES;
				SDKROOT = iphoneos;
				SWIFT_ACTIVE_COMPILATION_CONDITIONS = DEBUG;
				SWIFT_OPTIMIZATION_LEVEL = "-Onone";
			};
			name = Debug;
		};
		3F86EEB82035DD010012834F /* Release */ = {
			isa = XCBuildConfiguration;
			buildSettings = {
				ALWAYS_SEARCH_USER_PATHS = NO;
				CLANG_ANALYZER_NONNULL = YES;
				CLANG_ANALYZER_NUMBER_OBJECT_CONVERSION = YES_AGGRESSIVE;
				CLANG_CXX_LANGUAGE_STANDARD = "gnu++14";
				CLANG_CXX_LIBRARY = "libc++";
				CLANG_ENABLE_MODULES = YES;
				CLANG_ENABLE_OBJC_ARC = YES;
				CLANG_WARN_BLOCK_CAPTURE_AUTORELEASING = YES;
				CLANG_WARN_BOOL_CONVERSION = YES;
				CLANG_WARN_COMMA = YES;
				CLANG_WARN_CONSTANT_CONVERSION = YES;
				CLANG_WARN_DIRECT_OBJC_ISA_USAGE = YES_ERROR;
				CLANG_WARN_DOCUMENTATION_COMMENTS = YES;
				CLANG_WARN_EMPTY_BODY = YES;
				CLANG_WARN_ENUM_CONVERSION = YES;
				CLANG_WARN_INFINITE_RECURSION = YES;
				CLANG_WARN_INT_CONVERSION = YES;
				CLANG_WARN_NON_LITERAL_NULL_CONVERSION = YES;
				CLANG_WARN_OBJC_LITERAL_CONVERSION = YES;
				CLANG_WARN_OBJC_ROOT_CLASS = YES_ERROR;
				CLANG_WARN_RANGE_LOOP_ANALYSIS = YES;
				CLANG_WARN_STRICT_PROTOTYPES = YES;
				CLANG_WARN_SUSPICIOUS_MOVE = YES;
				CLANG_WARN_UNGUARDED_AVAILABILITY = YES_AGGRESSIVE;
				CLANG_WARN_UNREACHABLE_CODE = YES;
				CLANG_WARN__DUPLICATE_METHOD_MATCH = YES;
				CODE_SIGN_IDENTITY = "iPhone Developer";
				COPY_PHASE_STRIP = NO;
				DEBUG_INFORMATION_FORMAT = "dwarf-with-dsym";
				ENABLE_NS_ASSERTIONS = NO;
				ENABLE_STRICT_OBJC_MSGSEND = YES;
				GCC_C_LANGUAGE_STANDARD = gnu11;
				GCC_NO_COMMON_BLOCKS = YES;
				GCC_WARN_64_TO_32_BIT_CONVERSION = YES;
				GCC_WARN_ABOUT_RETURN_TYPE = YES_ERROR;
				GCC_WARN_UNDECLARED_SELECTOR = YES;
				GCC_WARN_UNINITIALIZED_AUTOS = YES_AGGRESSIVE;
				GCC_WARN_UNUSED_FUNCTION = YES;
				GCC_WARN_UNUSED_VARIABLE = YES;
				IPHONEOS_DEPLOYMENT_TARGET = 11.2;
				MTL_ENABLE_DEBUG_INFO = NO;
				SDKROOT = iphoneos;
				SWIFT_OPTIMIZATION_LEVEL = "-Owholemodule";
				VALIDATE_PRODUCT = YES;
			};
			name = Release;
		};
		3F86EEBA2035DD010012834F /* Debug */ = {
			isa = XCBuildConfiguration;
			baseConfigurationReference = D474E2F951A5D88B8823BC74 /* Pods-WeatherReport.debug.xcconfig */;
			buildSettings = {
				ASSETCATALOG_COMPILER_APPICON_NAME = AppIcon;
				CODE_SIGN_STYLE = Automatic;
				INFOPLIST_FILE = WeatherReport/Info.plist;
				IPHONEOS_DEPLOYMENT_TARGET = 10.0;
				LD_RUNPATH_SEARCH_PATHS = "$(inherited) @executable_path/Frameworks";
				PRODUCT_BUNDLE_IDENTIFIER = self.WeatherReport;
				PRODUCT_NAME = "$(TARGET_NAME)";
				SWIFT_VERSION = 4.0;
				TARGETED_DEVICE_FAMILY = "1,2";
			};
			name = Debug;
		};
		3F86EEBB2035DD010012834F /* Release */ = {
			isa = XCBuildConfiguration;
			baseConfigurationReference = E1FCB5C8C190A50D56243442 /* Pods-WeatherReport.release.xcconfig */;
			buildSettings = {
				ASSETCATALOG_COMPILER_APPICON_NAME = AppIcon;
				CODE_SIGN_STYLE = Automatic;
				INFOPLIST_FILE = WeatherReport/Info.plist;
				IPHONEOS_DEPLOYMENT_TARGET = 10.0;
				LD_RUNPATH_SEARCH_PATHS = "$(inherited) @executable_path/Frameworks";
				PRODUCT_BUNDLE_IDENTIFIER = self.WeatherReport;
				PRODUCT_NAME = "$(TARGET_NAME)";
				SWIFT_VERSION = 4.0;
				TARGETED_DEVICE_FAMILY = "1,2";
			};
			name = Release;
		};
		3F86EEBD2035DD010012834F /* Debug */ = {
			isa = XCBuildConfiguration;
			baseConfigurationReference = 0DD4D5A2F107741E0663D63A /* Pods-WeatherReportTests.debug.xcconfig */;
			buildSettings = {
				ALWAYS_EMBED_SWIFT_STANDARD_LIBRARIES = YES;
				BUNDLE_LOADER = "$(TEST_HOST)";
				CODE_SIGN_STYLE = Automatic;
				INFOPLIST_FILE = WeatherReportTests/Info.plist;
				LD_RUNPATH_SEARCH_PATHS = "$(inherited) @executable_path/Frameworks @loader_path/Frameworks";
				PRODUCT_BUNDLE_IDENTIFIER = self.WeatherReportTests;
				PRODUCT_NAME = "$(TARGET_NAME)";
				SWIFT_VERSION = 4.0;
				TARGETED_DEVICE_FAMILY = "1,2";
				TEST_HOST = "$(BUILT_PRODUCTS_DIR)/WeatherReport.app/WeatherReport";
			};
			name = Debug;
		};
		3F86EEBE2035DD010012834F /* Release */ = {
			isa = XCBuildConfiguration;
			baseConfigurationReference = 0009D6E107A0F39CE5AD66D6 /* Pods-WeatherReportTests.release.xcconfig */;
			buildSettings = {
				ALWAYS_EMBED_SWIFT_STANDARD_LIBRARIES = YES;
				BUNDLE_LOADER = "$(TEST_HOST)";
				CODE_SIGN_STYLE = Automatic;
				INFOPLIST_FILE = WeatherReportTests/Info.plist;
				LD_RUNPATH_SEARCH_PATHS = "$(inherited) @executable_path/Frameworks @loader_path/Frameworks";
				PRODUCT_BUNDLE_IDENTIFIER = self.WeatherReportTests;
				PRODUCT_NAME = "$(TARGET_NAME)";
				SWIFT_VERSION = 4.0;
				TARGETED_DEVICE_FAMILY = "1,2";
				TEST_HOST = "$(BUILT_PRODUCTS_DIR)/WeatherReport.app/WeatherReport";
			};
			name = Release;
		};
/* End XCBuildConfiguration section */

/* Begin XCConfigurationList section */
		3F86EE972035DD010012834F /* Build configuration list for PBXProject "WeatherReport" */ = {
			isa = XCConfigurationList;
			buildConfigurations = (
				3F86EEB72035DD010012834F /* Debug */,
				3F86EEB82035DD010012834F /* Release */,
			);
			defaultConfigurationIsVisible = 0;
			defaultConfigurationName = Release;
		};
		3F86EEB92035DD010012834F /* Build configuration list for PBXNativeTarget "WeatherReport" */ = {
			isa = XCConfigurationList;
			buildConfigurations = (
				3F86EEBA2035DD010012834F /* Debug */,
				3F86EEBB2035DD010012834F /* Release */,
			);
			defaultConfigurationIsVisible = 0;
			defaultConfigurationName = Release;
		};
		3F86EEBC2035DD010012834F /* Build configuration list for PBXNativeTarget "WeatherReportTests" */ = {
			isa = XCConfigurationList;
			buildConfigurations = (
				3F86EEBD2035DD010012834F /* Debug */,
				3F86EEBE2035DD010012834F /* Release */,
			);
			defaultConfigurationIsVisible = 0;
			defaultConfigurationName = Release;
		};
/* End XCConfigurationList section */
	};
	rootObject = 3F86EE942035DD010012834F /* Project object */;
}
